
Microsoft Visual Studio Solution File, Format Version 12.00
# Visual Studio 15
VisualStudioVersion = 15.0.26730.16
MinimumVisualStudioVersion = 10.0.40219.1
Project("{888888A0-9F3D-457C-B088-3A5042F75D52}") = "one_shot_SiameseNet_omniglot", "one_shot_SiameseNet_omniglot\one_shot_SiameseNet_omniglot.pyproj", "{EB2B2C06-2251-45A3-A4F3-0F392538EB24}"
EndProject
Global
	GlobalSection(SolutionConfigurationPlatforms) = preSolution
		Debug|Any CPU = Debug|Any CPU
		Release|Any CPU = Release|Any CPU
	EndGlobalSection
	GlobalSection(ProjectConfigurationPlatforms) = postSolution
		{EB2B2C06-2251-45A3-A4F3-0F392538EB24}.Debug|Any CPU.ActiveCfg = Debug|Any CPU
		{EB2B2C06-2251-45A3-A4F3-0F392538EB24}.Release|Any CPU.ActiveCfg = Release|Any CPU
	EndGlobalSection
	GlobalSection(SolutionProperties) = preSolution
		HideSolutionNode = FALSE
	EndGlobalSection
	GlobalSection(ExtensibilityGlobals) = postSolution
		SolutionGuid = {A42A5A44-DF35-4C8B-B5C5-818AD2BF72DD}
	EndGlobalSection
EndGlobal
